// !$*UTF8*$!
{
	archiveVersion = 1;
	classes = {
	};
	objectVersion = 50;
	objects = {

/* Begin PBXBuildFile section */
		29ACA0D821418AC600DDC0C9 /* AppDelegate.swift in Sources */ = {isa = PBXBuildFile; fileRef = 29ACA0D721418AC600DDC0C9 /* AppDelegate.swift */; };
		29ACA0DA21418AC600DDC0C9 /* ViewController.swift in Sources */ = {isa = PBXBuildFile; fileRef = 29ACA0D921418AC600DDC0C9 /* ViewController.swift */; };
		29ACA0DD21418AC600DDC0C9 /* Main.storyboard in Resources */ = {isa = PBXBuildFile; fileRef = 29ACA0DB21418AC600DDC0C9 /* Main.storyboard */; };
		29ACA0DF21418AC700DDC0C9 /* Assets.xcassets in Resources */ = {isa = PBXBuildFile; fileRef = 29ACA0DE21418AC600DDC0C9 /* Assets.xcassets */; };
		29ACA0E221418AC700DDC0C9 /* LaunchScreen.storyboard in Resources */ = {isa = PBXBuildFile; fileRef = 29ACA0E021418AC700DDC0C9 /* LaunchScreen.storyboard */; };
		29ACA0EA21418AE900DDC0C9 /* NextViewController.swift in Sources */ = {isa = PBXBuildFile; fileRef = 29ACA0E921418AE900DDC0C9 /* NextViewController.swift */; };
		29ACA0EC21418C3B00DDC0C9 /* touchID.png in Resources */ = {isa = PBXBuildFile; fileRef = 29ACA0EB21418C3B00DDC0C9 /* touchID.png */; };
		29ACA0EE21418DA200DDC0C9 /* FaceID.png in Resources */ = {isa = PBXBuildFile; fileRef = 29ACA0ED21418DA200DDC0C9 /* FaceID.png */; };
/* End PBXBuildFile section */

/* Begin PBXFileReference section */
		29ACA0D421418AC600DDC0C9 /* SwiftTouchID.app */ = {isa = PBXFileReference; explicitFileType = wrapper.application; includeInIndex = 0; path = SwiftTouchID.app; sourceTree = BUILT_PRODUCTS_DIR; };
		29ACA0D721418AC600DDC0C9 /* AppDelegate.swift */ = {isa = PBXFileReference; lastKnownFileType = sourcecode.swift; path = AppDelegate.swift; sourceTree = "<group>"; };
		29ACA0D921418AC600DDC0C9 /* ViewController.swift */ = {isa = PBXFileReference; lastKnownFileType = sourcecode.swift; path = ViewController.swift; sourceTree = "<group>"; };
		29ACA0DC21418AC600DDC0C9 /* Base */ = {isa = PBXFileReference; lastKnownFileType = file.storyboard; name = Base; path = Base.lproj/Main.storyboard; sourceTree = "<group>"; };
		29ACA0DE21418AC600DDC0C9 /* Assets.xcassets */ = {isa = PBXFileReference; lastKnownFileType = folder.assetcatalog; path = Assets.xcassets; sourceTree = "<group>"; };
		29ACA0E121418AC700DDC0C9 /* Base */ = {isa = PBXFileReference; lastKnownFileType = file.storyboard; name = Base; path = Base.lproj/LaunchScreen.storyboard; sourceTree = "<group>"; };
		29ACA0E321418AC700DDC0C9 /* Info.plist */ = {isa = PBXFileReference; lastKnownFileType = text.plist.xml; path = Info.plist; sourceTree = "<group>"; };
		29ACA0E921418AE900DDC0C9 /* NextViewController.swift */ = {isa = PBXFileReference; lastKnownFileType = sourcecode.swift; path = NextViewController.swift; sourceTree = "<group>"; };
		29ACA0EB21418C3B00DDC0C9 /* touchID.png */ = {isa = PBXFileReference; lastKnownFileType = image.png; path = touchID.png; sourceTree = "<group>"; };
		29ACA0ED21418DA200DDC0C9 /* FaceID.png */ = {isa = PBXFileReference; lastKnownFileType = image.png; path = FaceID.png; sourceTree = "<group>"; };
/* End PBXFileReference section */

/* Begin PBXFrameworksBuildPhase section */
		29ACA0D121418AC600DDC0C9 /* Frameworks */ = {
			isa = PBXFrameworksBuildPhase;
			buildActionMask = 2147483647;
			files = (
			);
			runOnlyForDeploymentPostprocessing = 0;
		};
/* End PBXFrameworksBuildPhase section */

/* Begin PBXGroup section */
		29ACA0CB21418AC600DDC0C9 = {
			isa = PBXGroup;
			children = (
				29ACA0D621418AC600DDC0C9 /* SwiftTouchID */,
				29ACA0D521418AC600DDC0C9 /* Products */,
			);
			sourceTree = "<group>";
		};
		29ACA0D521418AC600DDC0C9 /* Products */ = {
			isa = PBXGroup;
			children = (
				29ACA0D421418AC600DDC0C9 /* SwiftTouchID.app */,
			);
			name = Products;
			sourceTree = "<group>";
		};
		29ACA0D621418AC600DDC0C9 /* SwiftTouchID */ = {
			isa = PBXGroup;
			children = (
				29ACA0ED21418DA200DDC0C9 /* FaceID.png */,
				29ACA0EB21418C3B00DDC0C9 /* touchID.png */,
				29ACA0D721418AC600DDC0C9 /* AppDelegate.swift */,
				29ACA0D921418AC600DDC0C9 /* ViewController.swift */,
				29ACA0E921418AE900DDC0C9 /* NextViewController.swift */,
				29ACA0DB21418AC600DDC0C9 /* Main.storyboard */,
				29ACA0DE21418AC600DDC0C9 /* Assets.xcassets */,
				29ACA0E021418AC700DDC0C9 /* LaunchScreen.storyboard */,
				29ACA0E321418AC700DDC0C9 /* Info.plist */,
			);
			path = SwiftTouchID;
			sourceTree = "<group>";
		};
/* End PBXGroup section */

/* Begin PBXNativeTarget section */
		29ACA0D321418AC600DDC0C9 /* SwiftTouchID */ = {
			isa = PBXNativeTarget;
			buildConfigurationList = 29ACA0E621418AC700DDC0C9 /* Build configuration list for PBXNativeTarget "SwiftTouchID" */;
			buildPhases = (
				29ACA0D021418AC600DDC0C9 /* Sources */,
				29ACA0D121418AC600DDC0C9 /* Frameworks */,
				29ACA0D221418AC600DDC0C9 /* Resources */,
			);
			buildRules = (
			);
			dependencies = (
			);
			name = SwiftTouchID;
			productName = SwiftTouchID;
			productReference = 29ACA0D421418AC600DDC0C9 /* SwiftTouchID.app */;
			productType = "com.apple.product-type.application";
		};
/* End PBXNativeTarget section */

/* Begin PBXProject section */
		29ACA0CC21418AC600DDC0C9 /* Project object */ = {
			isa = PBXProject;
			attributes = {
				LastSwiftUpdateCheck = 0940;
				LastUpgradeCheck = 0940;
				ORGANIZATIONNAME = suzumi49n;
				TargetAttributes = {
					29ACA0D321418AC600DDC0C9 = {
						CreatedOnToolsVersion = 9.4.1;
					};
				};
			};
			buildConfigurationList = 29ACA0CF21418AC600DDC0C9 /* Build configuration list for PBXProject "SwiftTouchID" */;
			compatibilityVersion = "Xcode 9.3";
			developmentRegion = en;
			hasScannedForEncodings = 0;
			knownRegions = (
				en,
				Base,
			);
			mainGroup = 29ACA0CB21418AC600DDC0C9;
			productRefGroup = 29ACA0D521418AC600DDC0C9 /* Products */;
			projectDirPath = "";
			projectRoot = "";
			targets = (
				29ACA0D321418AC600DDC0C9 /* SwiftTouchID */,
			);
		};
/* End PBXProject section */

/* Begin PBXResourcesBuildPhase section */
		29ACA0D221418AC600DDC0C9 /* Resources */ = {
			isa = PBXResourcesBuildPhase;
			buildActionMask = 2147483647;
			files = (
				29ACA0E221418AC700DDC0C9 /* LaunchScreen.storyboard in Resources */,
				29ACA0DF21418AC700DDC0C9 /* Assets.xcassets in Resources */,
				29ACA0EE21418DA200DDC0C9 /* FaceID.png in Resources */,
				29ACA0EC21418C3B00DDC0C9 /* touchID.png in Resources */,
				29ACA0DD21418AC600DDC0C9 /* Main.storyboard in Resources */,
			);
			runOnlyForDeploymentPostprocessing = 0;
		};
/* End PBXResourcesBuildPhase section */

/* Begin PBXSourcesBuildPhase section */
		29ACA0D021418AC600DDC0C9 /* Sources */ = {
			isa = PBXSourcesBuildPhase;
			buildActionMask = 2147483647;
			files = (
				29ACA0DA21418AC600DDC0C9 /* ViewController.swift in Sources */,
				29ACA0EA21418AE900DDC0C9 /* NextViewController.swift in Sources */,
				29ACA0D821418AC600DDC0C9 /* AppDelegate.swift in Sources */,
			);
			runOnlyForDeploymentPostprocessing = 0;
		};
/* End PBXSourcesBuildPhase section */

/* Begin PBXVariantGroup section */
		29ACA0DB21418AC600DDC0C9 /* Main.storyboard */ = {
			isa = PBXVariantGroup;
			children = (
				29ACA0DC21418AC600DDC0C9 /* Base */,
			);
			name = Main.storyboard;
			sourceTree = "<group>";
		};
		29ACA0E021418AC700DDC0C9 /* LaunchScreen.storyboard */ = {
			isa = PBXVariantGroup;
			children = (
				29ACA0E121418AC700DDC0C9 /* Base */,
			);
			name = LaunchScreen.storyboard;
			sourceTree = "<group>";
		};
/* End PBXVariantGroup section */

/* Begin XCBuildConfiguration section */
		29ACA0E421418AC700DDC0C9 /* Debug */ = {
			isa = XCBuildConfiguration;
			buildSettings = {
				ALWAYS_SEARCH_USER_PATHS = NO;
				CLANG_ANALYZER_NONNULL = YES;
				CLANG_ANALYZER_NUMBER_OBJECT_CONVERSION = YES_AGGRESSIVE;
				CLANG_CXX_LANGUAGE_STANDARD = "gnu++14";
				CLANG_CXX_LIBRARY = "libc++";
				CLANG_ENABLE_MODULES = YES;
				CLANG_ENABLE_OBJC_ARC = YES;
				CLANG_ENABLE_OBJC_WEAK = YES;
				CLANG_WARN_BLOCK_CAPTURE_AUTORELEASING = YES;
				CLANG_WARN_BOOL_CONVERSION = YES;
				CLANG_WARN_COMMA = YES;
				CLANG_WARN_CONSTANT_CONVERSION = YES;
				CLANG_WARN_DEPRECATED_OBJC_IMPLEMENTATIONS = YES;
				CLANG_WARN_DIRECT_OBJC_ISA_USAGE = YES_ERROR;
				CLANG_WARN_DOCUMENTATION_COMMENTS = YES;
				CLANG_WARN_EMPTY_BODY = YES;
				CLANG_WARN_ENUM_CONVERSION = YES;
				CLANG_WARN_INFINITE_RECURSION = YES;
				CLANG_WARN_INT_CONVERSION = YES;
				CLANG_WARN_NON_LITERAL_NULL_CONVERSION = YES;
				CLANG_WARN_OBJC_IMPLICIT_RETAIN_SELF = YES;
				CLANG_WARN_OBJC_LITERAL_CONVERSION = YES;
				CLANG_WARN_OBJC_ROOT_CLASS = YES_ERROR;
				CLANG_WARN_RANGE_LOOP_ANALYSIS = YES;
				CLANG_WARN_STRICT_PROTOTYPES = YES;
				CLANG_WARN_SUSPICIOUS_MOVE = YES;
				CLANG_WARN_UNGUARDED_AVAILABILITY = YES_AGGRESSIVE;
				CLANG_WARN_UNREACHABLE_CODE = YES;
				CLANG_WARN__DUPLICATE_METHOD_MATCH = YES;
				CODE_SIGN_IDENTITY = "iPhone Developer";
				COPY_PHASE_STRIP = NO;
				DEBUG_INFORMATION_FORMAT = dwarf;
				ENABLE_STRICT_OBJC_MSGSEND = YES;
				ENABLE_TESTABILITY = YES;
				GCC_C_LANGUAGE_STANDARD = gnu11;
				GCC_DYNAMIC_NO_PIC = NO;
				GCC_NO_COMMON_BLOCKS = YES;
				GCC_OPTIMIZATION_LEVEL = 0;
				GCC_PREPROCESSOR_DEFINITIONS = (
					"DEBUG=1",
					"$(inherited)",
				);
				GCC_WARN_64_TO_32_BIT_CONVERSION = YES;
				GCC_WARN_ABOUT_RETURN_TYPE = YES_ERROR;
				GCC_WARN_UNDECLARED_SELECTOR = YES;
				GCC_WARN_UNINITIALIZED_AUTOS = YES_AGGRESSIVE;
				GCC_WARN_UNUSED_FUNCTION = YES;
				GCC_WARN_UNUSED_VARIABLE = YES;
				IPHONEOS_DEPLOYMENT_TARGET = 11.4;
				MTL_ENABLE_DEBUG_INFO = YES;
				ONLY_ACTIVE_ARCH = YES;
				SDKROOT = iphoneos;
				SWIFT_ACTIVE_COMPILATION_CONDITIONS = DEBUG;
				SWIFT_OPTIMIZATION_LEVEL = "-Onone";
			};
			name = Debug;
		};
		29ACA0E521418AC700DDC0C9 /* Release */ = {
			isa = XCBuildConfiguration;
			buildSettings = {
				ALWAYS_SEARCH_USER_PATHS = NO;
				CLANG_ANALYZER_NONNULL = YES;
				CLANG_ANALYZER_NUMBER_OBJECT_CONVERSION = YES_AGGRESSIVE;
				CLANG_CXX_LANGUAGE_STANDARD = "gnu++14";
				CLANG_CXX_LIBRARY = "libc++";
				CLANG_ENABLE_MODULES = YES;
				CLANG_ENABLE_OBJC_ARC = YES;
				CLANG_ENABLE_OBJC_WEAK = YES;
				CLANG_WARN_BLOCK_CAPTURE_AUTORELEASING = YES;
				CLANG_WARN_BOOL_CONVERSION = YES;
				CLANG_WARN_COMMA = YES;
				CLANG_WARN_CONSTANT_CONVERSION = YES;
				CLANG_WARN_DEPRECATED_OBJC_IMPLEMENTATIONS = YES;
				CLANG_WARN_DIRECT_OBJC_ISA_USAGE = YES_ERROR;
				CLANG_WARN_DOCUMENTATION_COMMENTS = YES;
				CLANG_WARN_EMPTY_BODY = YES;
				CLANG_WARN_ENUM_CONVERSION = YES;
				CLANG_WARN_INFINITE_RECURSION = YES;
				CLANG_WARN_INT_CONVERSION = YES;
				CLANG_WARN_NON_LITERAL_NULL_CONVERSION = YES;
				CLANG_WARN_OBJC_IMPLICIT_RETAIN_SELF = YES;
				CLANG_WARN_OBJC_LITERAL_CONVERSION = YES;
				CLANG_WARN_OBJC_ROOT_CLASS = YES_ERROR;
				CLANG_WARN_RANGE_LOOP_ANALYSIS = YES;
				CLANG_WARN_STRICT_PROTOTYPES = YES;
				CLANG_WARN_SUSPICIOUS_MOVE = YES;
				CLANG_WARN_UNGUARDED_AVAILABILITY = YES_AGGRESSIVE;
				CLANG_WARN_UNREACHABLE_CODE = YES;
				CLANG_WARN__DUPLICATE_METHOD_MATCH = YES;
				CODE_SIGN_IDENTITY = "iPhone Developer";
				COPY_PHASE_STRIP = NO;
				DEBUG_INFORMATION_FORMAT = "dwarf-with-dsym";
				ENABLE_NS_ASSERTIONS = NO;
				ENABLE_STRICT_OBJC_MSGSEND = YES;
				GCC_C_LANGUAGE_STANDARD = gnu11;
				GCC_NO_COMMON_BLOCKS = YES;
				GCC_WARN_64_TO_32_BIT_CONVERSION = YES;
				GCC_WARN_ABOUT_RETURN_TYPE = YES_ERROR;
				GCC_WARN_UNDECLARED_SELECTOR = YES;
				GCC_WARN_UNINITIALIZED_AUTOS = YES_AGGRESSIVE;
				GCC_WARN_UNUSED_FUNCTION = YES;
				GCC_WARN_UNUSED_VARIABLE = YES;
				IPHONEOS_DEPLOYMENT_TARGET = 11.4;
				MTL_ENABLE_DEBUG_INFO = NO;
				SDKROOT = iphoneos;
				SWIFT_COMPILATION_MODE = wholemodule;
				SWIFT_OPTIMIZATION_LEVEL = "-O";
				VALIDATE_PRODUCT = YES;
			};
			name = Release;
		};
		29ACA0E721418AC700DDC0C9 /* Debug */ = {
			isa = XCBuildConfiguration;
			buildSettings = {
				ASSETCATALOG_COMPILER_APPICON_NAME = AppIcon;
				CODE_SIGN_STYLE = Automatic;
				DEVELOPMENT_TEAM = 48MA9LFQH3;
				INFOPLIST_FILE = SwiftTouchID/Info.plist;
				LD_RUNPATH_SEARCH_PATHS = (
					"$(inherited)",
					"@executable_path/Frameworks",
				);
				PRODUCT_BUNDLE_IDENTIFIER = io.suzumi49n.SwiftTouchID;
				PRODUCT_NAME = "$(TARGET_NAME)";
				SWIFT_VERSION = 4.0;
				TARGETED_DEVICE_FAMILY = "1,2";
			};
			name = Debug;
		};
		29ACA0E821418AC700DDC0C9 /* Release */ = {
			isa = XCBuildConfiguration;
			buildSettings = {
				ASSETCATALOG_COMPILER_APPICON_NAME = AppIcon;
				CODE_SIGN_STYLE = Automatic;
				DEVELOPMENT_TEAM = 48MA9LFQH3;
				INFOPLIST_FILE = SwiftTouchID/Info.plist;
				LD_RUNPATH_SEARCH_PATHS = (
					"$(inherited)",
					"@executable_path/Frameworks",
				);
				PRODUCT_BUNDLE_IDENTIFIER = io.suzumi49n.SwiftTouchID;
				PRODUCT_NAME = "$(TARGET_NAME)";
				SWIFT_VERSION = 4.0;
				TARGETED_DEVICE_FAMILY = "1,2";
			};
			name = Release;
		};
/* End XCBuildConfiguration section */

/* Begin XCConfigurationList section */
		29ACA0CF21418AC600DDC0C9 /* Build configuration list for PBXProject "SwiftTouchID" */ = {
			isa = XCConfigurationList;
			buildConfigurations = (
				29ACA0E421418AC700DDC0C9 /* Debug */,
				29ACA0E521418AC700DDC0C9 /* Release */,
			);
			defaultConfigurationIsVisible = 0;
			defaultConfigurationName = Release;
		};
		29ACA0E621418AC700DDC0C9 /* Build configuration list for PBXNativeTarget "SwiftTouchID" */ = {
			isa = XCConfigurationList;
			buildConfigurations = (
				29ACA0E721418AC700DDC0C9 /* Debug */,
				29ACA0E821418AC700DDC0C9 /* Release */,
			);
			defaultConfigurationIsVisible = 0;
			defaultConfigurationName = Release;
		};
/* End XCConfigurationList section */
	};
	rootObject = 29ACA0CC21418AC600DDC0C9 /* Project object */;
}
